
Microsoft Visual Studio Solution File, Format Version 12.00
# Visual Studio Version 17
VisualStudioVersion = 17.5.33424.131
MinimumVisualStudioVersion = 10.0.40219.1
Project("{FAE04EC0-301F-11D3-BF4B-00C04F79EFBC}") = "View", "Contacts\View.csproj", "{B62178B7-1F9F-4FAE-B1AF-E3E7450A8743}"
EndProject
Project("{FAE04EC0-301F-11D3-BF4B-00C04F79EFBC}") = "ViewModel", "ViewModel\ViewModel.csproj", "{BFC629D4-5EC8-43AC-AF71-A0A790996EE8}"
EndProject
Project("{FAE04EC0-301F-11D3-BF4B-00C04F79EFBC}") = "Model", "Model\Model.csproj", "{D356D755-A44A-4AE9-88E2-E341EDECBC6F}"
EndProject
Global
	GlobalSection(SolutionConfigurationPlatforms) = preSolution
		Debug|Any CPU = Debug|Any CPU
		Release|Any CPU = Release|Any CPU
	EndGlobalSection
	GlobalSection(ProjectConfigurationPlatforms) = postSolution
		{B62178B7-1F9F-4FAE-B1AF-E3E7450A8743}.Debug|Any CPU.ActiveCfg = Debug|Any CPU
		{B62178B7-1F9F-4FAE-B1AF-E3E7450A8743}.Debug|Any CPU.Build.0 = Debug|Any CPU
		{B62178B7-1F9F-4FAE-B1AF-E3E7450A8743}.Release|Any CPU.ActiveCfg = Release|Any CPU
		{B62178B7-1F9F-4FAE-B1AF-E3E7450A8743}.Release|Any CPU.Build.0 = Release|Any CPU
		{BFC629D4-5EC8-43AC-AF71-A0A790996EE8}.Debug|Any CPU.ActiveCfg = Debug|Any CPU
		{BFC629D4-5EC8-43AC-AF71-A0A790996EE8}.Debug|Any CPU.Build.0 = Debug|Any CPU
		{BFC629D4-5EC8-43AC-AF71-A0A790996EE8}.Release|Any CPU.ActiveCfg = Release|Any CPU
		{BFC629D4-5EC8-43AC-AF71-A0A790996EE8}.Release|Any CPU.Build.0 = Release|Any CPU
		{D356D755-A44A-4AE9-88E2-E341EDECBC6F}.Debug|Any CPU.ActiveCfg = Debug|Any CPU
		{D356D755-A44A-4AE9-88E2-E341EDECBC6F}.Debug|Any CPU.Build.0 = Debug|Any CPU
		{D356D755-A44A-4AE9-88E2-E341EDECBC6F}.Release|Any CPU.ActiveCfg = Release|Any CPU
		{D356D755-A44A-4AE9-88E2-E341EDECBC6F}.Release|Any CPU.Build.0 = Release|Any CPU
	EndGlobalSection
	GlobalSection(SolutionProperties) = preSolution
		HideSolutionNode = FALSE
	EndGlobalSection
	GlobalSection(ExtensibilityGlobals) = postSolution
		SolutionGuid = {494D2838-D212-453A-9675-F8DD8174C912}
	EndGlobalSection
EndGlobal
