
Microsoft Visual Studio Solution File, Format Version 12.00
# Visual Studio Version 17
VisualStudioVersion = 17.0.32126.317
MinimumVisualStudioVersion = 10.0.40219.1
Project("{FAE04EC0-301F-11D3-BF4B-00C04F79EFBC}") = "Programming", "Programming\Programming.csproj", "{2D8AB257-0979-4DC1-8021-34CD86A33440}"
EndProject
Global
	GlobalSection(SolutionConfigurationPlatforms) = preSolution
		Debug|Any CPU = Debug|Any CPU
		Release|Any CPU = Release|Any CPU
	EndGlobalSection
	GlobalSection(ProjectConfigurationPlatforms) = postSolution
		{2D8AB257-0979-4DC1-8021-34CD86A33440}.Debug|Any CPU.ActiveCfg = Debug|Any CPU
		{2D8AB257-0979-4DC1-8021-34CD86A33440}.Debug|Any CPU.Build.0 = Debug|Any CPU
		{2D8AB257-0979-4DC1-8021-34CD86A33440}.Release|Any CPU.ActiveCfg = Release|Any CPU
		{2D8AB257-0979-4DC1-8021-34CD86A33440}.Release|Any CPU.Build.0 = Release|Any CPU
	EndGlobalSection
	GlobalSection(SolutionProperties) = preSolution
		HideSolutionNode = FALSE
	EndGlobalSection
	GlobalSection(ExtensibilityGlobals) = postSolution
		SolutionGuid = {22E7C743-D0C8-4104-838B-E1B9393DE614}
	EndGlobalSection
EndGlobal
